
Microsoft Visual Studio Solution File, Format Version 12.00
# Visual Studio Version 17
VisualStudioVersion = 17.9.34728.123
MinimumVisualStudioVersion = 10.0.40219.1
Project("{9A19103F-16F7-4668-BE54-9A1E7A4F7556}") = "SimpleFreeTypeSharp", "SimpleFreeTypeSharp\SimpleFreeTypeSharp.csproj", "{9AEC37AC-515C-45A6-A922-AE0CEBAE7FA9}"
EndProject
Project("{9A19103F-16F7-4668-BE54-9A1E7A4F7556}") = "Test", "Test\Test.csproj", "{6D231E42-1B7D-4CC0-9CA8-0F67654ECF38}"
EndProject
Global
	GlobalSection(SolutionConfigurationPlatforms) = preSolution
		Debug|Any CPU = Debug|Any CPU
		Release|Any CPU = Release|Any CPU
	EndGlobalSection
	GlobalSection(ProjectConfigurationPlatforms) = postSolution
		{9AEC37AC-515C-45A6-A922-AE0CEBAE7FA9}.Debug|Any CPU.ActiveCfg = Debug|Any CPU
		{9AEC37AC-515C-45A6-A922-AE0CEBAE7FA9}.Debug|Any CPU.Build.0 = Debug|Any CPU
		{9AEC37AC-515C-45A6-A922-AE0CEBAE7FA9}.Release|Any CPU.ActiveCfg = Release|Any CPU
		{9AEC37AC-515C-45A6-A922-AE0CEBAE7FA9}.Release|Any CPU.Build.0 = Release|Any CPU
		{6D231E42-1B7D-4CC0-9CA8-0F67654ECF38}.Debug|Any CPU.ActiveCfg = Debug|Any CPU
		{6D231E42-1B7D-4CC0-9CA8-0F67654ECF38}.Debug|Any CPU.Build.0 = Debug|Any CPU
		{6D231E42-1B7D-4CC0-9CA8-0F67654ECF38}.Release|Any CPU.ActiveCfg = Release|Any CPU
		{6D231E42-1B7D-4CC0-9CA8-0F67654ECF38}.Release|Any CPU.Build.0 = Release|Any CPU
	EndGlobalSection
	GlobalSection(SolutionProperties) = preSolution
		HideSolutionNode = FALSE
	EndGlobalSection
	GlobalSection(ExtensibilityGlobals) = postSolution
		SolutionGuid = {D80E7711-B8F6-4AB1-9B29-AD172A39A678}
	EndGlobalSection
EndGlobal
